<Solution>
  <Folder Name="/gateway/">
    <File Path="gateway\README.md" />
  </Folder>
  <Folder Name="/microservices/">
    <Project Path="microservices/Bizca.Services.AppHost/Bizca.Services.AppHost.csproj" />
  </Folder>
  <Folder Name="/microservices/notification/">
    <File Path="microservices\notification\README.md" />
  </Folder>
  <Folder Name="/microservices/order/">
    <File Path="microservices\order\README.md" />
  </Folder>
  <Folder Name="/microservices/user/">
    <File Path="microservices\user\README.md" />
  </Folder>
  <Folder Name="/microservices/user/src/">
    <Project Path="microservices\user\src\Bizca.Users.Api\Bizca.Users.Api.csproj" />
    <Project Path="microservices\user\src\Bizca.Users.Domain\Bizca.Users.Domain.csproj" />
    <Project Path="microservices\user\src\Bizca.Users.Infrastructure\Bizca.Users.Infrastructure.csproj" />
  </Folder>
  <Folder Name="/microservices/user/test/">
    <Project Path="microservices\user\test\Bizca.User.IntegrationTests\Bizca.User.IntegrationTests.csproj" />
    <Project Path="microservices\user\test\Bizca.Users.UnitTests\Bizca.Users.UnitTests.csproj" />
  </Folder>
  <Folder Name="/sdk/">
    <Project Path="sdk\Abstractions\Abstractions.csproj" Type="Classic C#" />
    <Project Path="sdk\Api\Api.csproj" />
    <Project Path="sdk\SharedKernel\SharedKernel.csproj" />
  </Folder>
  <Folder Name="/security/">
    <Project Path="security/Bizca.OpenId.Api/Bizca.OpenId.Api.csproj" />
    <Project Path="security\Bizca.OpenId.ApiModels\Bizca.OpenId.ApiModels.csproj" Type="Classic C#" />
    <Project Path="security\Bizca.OpenId.Application\Bizca.OpenId.Application.csproj" Type="Classic C#" />
    <Project Path="security\Bizca.OpenId.Infrastructure\Bizca.OpenId.Infrastructure.csproj" Type="Classic C#" />
  </Folder>
  <Folder Name="/Solution Items/">
    <File Path=".editorconfig" />
    <File Path=".gitignore" />
    <File Path="commitlint.config.js" />
    <File Path="Directory.Build.props" />
    <File Path="Directory.Packages.props" />
    <File Path="gitversion.yml" />
    <File Path=".redocly.yaml" />
    <File Path=".spectral.yaml" />
  </Folder>
</Solution>